
Microsoft Visual Studio Solution File, Format Version 12.00
# Visual Studio Version 17
VisualStudioVersion = 17.7.34018.315
MinimumVisualStudioVersion = 10.0.40219.1
Project("{FAE04EC0-301F-11D3-BF4B-00C04F79EFBC}") = "QLPK.GUI", "QLPK.GUI.csproj", "{1A9AC840-114C-4CDD-B11C-BD81C1925B93}"
EndProject
Project("{FAE04EC0-301F-11D3-BF4B-00C04F79EFBC}") = "QLPK.BUS", "..\QLPK.BUS\QLPK.BUS.csproj", "{F56C2AC7-97BE-465D-9DD6-23298D7BF97A}"
EndProject
Project("{FAE04EC0-301F-11D3-BF4B-00C04F79EFBC}") = "QLPK.DAL", "..\QLPK.DAL\QLPK.DAL.csproj", "{6792DBF4-4612-443E-B6D0-1938D4129E20}"
EndProject
Global
	GlobalSection(SolutionConfigurationPlatforms) = preSolution
		Debug|Any CPU = Debug|Any CPU
		Release|Any CPU = Release|Any CPU
	EndGlobalSection
	GlobalSection(ProjectConfigurationPlatforms) = postSolution
		{1A9AC840-114C-4CDD-B11C-BD81C1925B93}.Debug|Any CPU.ActiveCfg = Debug|Any CPU
		{1A9AC840-114C-4CDD-B11C-BD81C1925B93}.Debug|Any CPU.Build.0 = Debug|Any CPU
		{1A9AC840-114C-4CDD-B11C-BD81C1925B93}.Release|Any CPU.ActiveCfg = Release|Any CPU
		{1A9AC840-114C-4CDD-B11C-BD81C1925B93}.Release|Any CPU.Build.0 = Release|Any CPU
		{F56C2AC7-97BE-465D-9DD6-23298D7BF97A}.Debug|Any CPU.ActiveCfg = Debug|Any CPU
		{F56C2AC7-97BE-465D-9DD6-23298D7BF97A}.Debug|Any CPU.Build.0 = Debug|Any CPU
		{F56C2AC7-97BE-465D-9DD6-23298D7BF97A}.Release|Any CPU.ActiveCfg = Release|Any CPU
		{F56C2AC7-97BE-465D-9DD6-23298D7BF97A}.Release|Any CPU.Build.0 = Release|Any CPU
		{6792DBF4-4612-443E-B6D0-1938D4129E20}.Debug|Any CPU.ActiveCfg = Debug|Any CPU
		{6792DBF4-4612-443E-B6D0-1938D4129E20}.Debug|Any CPU.Build.0 = Debug|Any CPU
		{6792DBF4-4612-443E-B6D0-1938D4129E20}.Release|Any CPU.ActiveCfg = Release|Any CPU
		{6792DBF4-4612-443E-B6D0-1938D4129E20}.Release|Any CPU.Build.0 = Release|Any CPU
	EndGlobalSection
	GlobalSection(SolutionProperties) = preSolution
		HideSolutionNode = FALSE
	EndGlobalSection
	GlobalSection(ExtensibilityGlobals) = postSolution
		SolutionGuid = {3079448E-D5A9-4C8E-A80B-D39320608D2D}
	EndGlobalSection
EndGlobal
